
Microsoft Visual Studio Solution File, Format Version 12.00
# Visual Studio 2013
VisualStudioVersion = 12.0.30501.0
MinimumVisualStudioVersion = 10.0.40219.1
Project("{FAE04EC0-301F-11D3-BF4B-00C04F79EFBC}") = "Syncano.Net", "Syncano.Net\Syncano.Net.csproj", "{269A5E1D-CCDD-4001-B6B8-03955EFF2469}"
EndProject
Project("{FAE04EC0-301F-11D3-BF4B-00C04F79EFBC}") = "Syncano.Net.Tests", "Syncano.Net.Tests\Syncano.Net.Tests.csproj", "{522D6ADE-C6A4-43C2-97C0-09A117286CEC}"
EndProject
Project("{FAE04EC0-301F-11D3-BF4B-00C04F79EFBC}") = "SyncanoSyncServer.Net", "SyncanoSyncServer.Net\SyncanoSyncServer.Net.csproj", "{5532FAE4-FB31-4E92-83F9-E5A87E967DAF}"
EndProject
Project("{7CF6DF6D-3B04-46F8-A40B-537D21BCA0B4}") = "SyncanoDocumentation", "SyncanoDocumentation\SyncanoDocumentation.shfbproj", "{5B8A4A40-8D1F-422D-8A24-BF4422C3FFB1}"
EndProject
Project("{7CF6DF6D-3B04-46F8-A40B-537D21BCA0B4}") = "SyncServerDocumentation", "SyncServerDocumentation\SyncServerDocumentation.shfbproj", "{DC2AEF3D-658C-4E76-A892-46927A58F68B}"
EndProject
Project("{FAE04EC0-301F-11D3-BF4B-00C04F79EFBC}") = "SampleWpfApplication", "SampleWpfApplication\SampleWpfApplication.csproj", "{AB2F8160-1FE8-4F45-9515-110CC301A5DD}"
EndProject
Global
	GlobalSection(SolutionConfigurationPlatforms) = preSolution
		Debug|Any CPU = Debug|Any CPU
		Release|Any CPU = Release|Any CPU
	EndGlobalSection
	GlobalSection(ProjectConfigurationPlatforms) = postSolution
		{269A5E1D-CCDD-4001-B6B8-03955EFF2469}.Debug|Any CPU.ActiveCfg = Debug|Any CPU
		{269A5E1D-CCDD-4001-B6B8-03955EFF2469}.Debug|Any CPU.Build.0 = Debug|Any CPU
		{269A5E1D-CCDD-4001-B6B8-03955EFF2469}.Release|Any CPU.ActiveCfg = Release|Any CPU
		{269A5E1D-CCDD-4001-B6B8-03955EFF2469}.Release|Any CPU.Build.0 = Release|Any CPU
		{522D6ADE-C6A4-43C2-97C0-09A117286CEC}.Debug|Any CPU.ActiveCfg = Debug|Any CPU
		{522D6ADE-C6A4-43C2-97C0-09A117286CEC}.Debug|Any CPU.Build.0 = Debug|Any CPU
		{522D6ADE-C6A4-43C2-97C0-09A117286CEC}.Release|Any CPU.ActiveCfg = Release|Any CPU
		{522D6ADE-C6A4-43C2-97C0-09A117286CEC}.Release|Any CPU.Build.0 = Release|Any CPU
		{5532FAE4-FB31-4E92-83F9-E5A87E967DAF}.Debug|Any CPU.ActiveCfg = Debug|Any CPU
		{5532FAE4-FB31-4E92-83F9-E5A87E967DAF}.Debug|Any CPU.Build.0 = Debug|Any CPU
		{5532FAE4-FB31-4E92-83F9-E5A87E967DAF}.Release|Any CPU.ActiveCfg = Release|Any CPU
		{5532FAE4-FB31-4E92-83F9-E5A87E967DAF}.Release|Any CPU.Build.0 = Release|Any CPU
		{5B8A4A40-8D1F-422D-8A24-BF4422C3FFB1}.Debug|Any CPU.ActiveCfg = Debug|Any CPU
		{5B8A4A40-8D1F-422D-8A24-BF4422C3FFB1}.Debug|Any CPU.Build.0 = Debug|Any CPU
		{5B8A4A40-8D1F-422D-8A24-BF4422C3FFB1}.Release|Any CPU.ActiveCfg = Release|Any CPU
		{5B8A4A40-8D1F-422D-8A24-BF4422C3FFB1}.Release|Any CPU.Build.0 = Release|Any CPU
		{DC2AEF3D-658C-4E76-A892-46927A58F68B}.Debug|Any CPU.ActiveCfg = Debug|Any CPU
		{DC2AEF3D-658C-4E76-A892-46927A58F68B}.Debug|Any CPU.Build.0 = Debug|Any CPU
		{DC2AEF3D-658C-4E76-A892-46927A58F68B}.Release|Any CPU.ActiveCfg = Release|Any CPU
		{DC2AEF3D-658C-4E76-A892-46927A58F68B}.Release|Any CPU.Build.0 = Release|Any CPU
		{AB2F8160-1FE8-4F45-9515-110CC301A5DD}.Debug|Any CPU.ActiveCfg = Debug|Any CPU
		{AB2F8160-1FE8-4F45-9515-110CC301A5DD}.Debug|Any CPU.Build.0 = Debug|Any CPU
		{AB2F8160-1FE8-4F45-9515-110CC301A5DD}.Release|Any CPU.ActiveCfg = Release|Any CPU
		{AB2F8160-1FE8-4F45-9515-110CC301A5DD}.Release|Any CPU.Build.0 = Release|Any CPU
	EndGlobalSection
	GlobalSection(SolutionProperties) = preSolution
		HideSolutionNode = FALSE
	EndGlobalSection
EndGlobal
